
Microsoft Visual Studio Solution File, Format Version 12.00
# Visual Studio 2012
Project("{FAE04EC0-301F-11D3-BF4B-00C04F79EFBC}") = "TrackMate", "TrackMate\TrackMate.csproj", "{F8A7F05E-514B-4106-9C2C-26729BCCCAB1}"
EndProject
Project("{FAE04EC0-301F-11D3-BF4B-00C04F79EFBC}") = "TrackMate.UITests", "TrackMate.UITests\TrackMate.UITests.csproj", "{A225805F-85BA-469B-9FD9-2066444A6DF1}"
EndProject
Global
	GlobalSection(SolutionConfigurationPlatforms) = preSolution
		Debug|Any CPU = Debug|Any CPU
		Release|Any CPU = Release|Any CPU
	EndGlobalSection
	GlobalSection(ProjectConfigurationPlatforms) = postSolution
		{A225805F-85BA-469B-9FD9-2066444A6DF1}.Debug|Any CPU.ActiveCfg = Debug|Any CPU
		{A225805F-85BA-469B-9FD9-2066444A6DF1}.Debug|Any CPU.Build.0 = Debug|Any CPU
		{A225805F-85BA-469B-9FD9-2066444A6DF1}.Release|Any CPU.ActiveCfg = Release|Any CPU
		{A225805F-85BA-469B-9FD9-2066444A6DF1}.Release|Any CPU.Build.0 = Release|Any CPU
		{F8A7F05E-514B-4106-9C2C-26729BCCCAB1}.Debug|Any CPU.ActiveCfg = Debug|Any CPU
		{F8A7F05E-514B-4106-9C2C-26729BCCCAB1}.Debug|Any CPU.Build.0 = Debug|Any CPU
		{F8A7F05E-514B-4106-9C2C-26729BCCCAB1}.Release|Any CPU.ActiveCfg = Release|Any CPU
		{F8A7F05E-514B-4106-9C2C-26729BCCCAB1}.Release|Any CPU.Build.0 = Release|Any CPU
	EndGlobalSection
EndGlobal
